
Microsoft Visual Studio Solution File, Format Version 12.00
# Visual Studio Version 16
VisualStudioVersion = 16.0.30114.105
MinimumVisualStudioVersion = 10.0.40219.1
Project("{FAE04EC0-301F-11D3-BF4B-00C04F79EFBC}") = "Frontend", "Frontend\Frontend.csproj", "{D324FBC7-A571-4BE1-A74A-F5A5D78DB04E}"
EndProject
Project("{FAE04EC0-301F-11D3-BF4B-00C04F79EFBC}") = "StaffingService", "StaffingService\StaffingService.csproj", "{377F187C-DF7B-45C0-9CD0-82607C34003A}"
EndProject
Global
	GlobalSection(SolutionConfigurationPlatforms) = preSolution
		Debug|Any CPU = Debug|Any CPU
		Release|Any CPU = Release|Any CPU
	EndGlobalSection
	GlobalSection(SolutionProperties) = preSolution
		HideSolutionNode = FALSE
	EndGlobalSection
	GlobalSection(ProjectConfigurationPlatforms) = postSolution
		{D324FBC7-A571-4BE1-A74A-F5A5D78DB04E}.Debug|Any CPU.ActiveCfg = Debug|Any CPU
		{D324FBC7-A571-4BE1-A74A-F5A5D78DB04E}.Debug|Any CPU.Build.0 = Debug|Any CPU
		{D324FBC7-A571-4BE1-A74A-F5A5D78DB04E}.Release|Any CPU.ActiveCfg = Release|Any CPU
		{D324FBC7-A571-4BE1-A74A-F5A5D78DB04E}.Release|Any CPU.Build.0 = Release|Any CPU
		{377F187C-DF7B-45C0-9CD0-82607C34003A}.Debug|Any CPU.ActiveCfg = Debug|Any CPU
		{377F187C-DF7B-45C0-9CD0-82607C34003A}.Debug|Any CPU.Build.0 = Debug|Any CPU
		{377F187C-DF7B-45C0-9CD0-82607C34003A}.Release|Any CPU.ActiveCfg = Release|Any CPU
		{377F187C-DF7B-45C0-9CD0-82607C34003A}.Release|Any CPU.Build.0 = Release|Any CPU
	EndGlobalSection
EndGlobal
